
Microsoft Visual Studio Solution File, Format Version 12.00
# Visual Studio Version 16
VisualStudioVersion = 16.0.29519.87
MinimumVisualStudioVersion = 10.0.40219.1
Project("{FAE04EC0-301F-11D3-BF4B-00C04F79EFBC}") = "Tickets", "Tickets\Tickets.csproj", "{05633B30-350E-457A-A26C-8928CED293A1}"
EndProject
Global
	GlobalSection(SolutionConfigurationPlatforms) = preSolution
		Debug|Any CPU = Debug|Any CPU
		Release|Any CPU = Release|Any CPU
	EndGlobalSection
	GlobalSection(ProjectConfigurationPlatforms) = postSolution
		{05633B30-350E-457A-A26C-8928CED293A1}.Debug|Any CPU.ActiveCfg = Debug|Any CPU
		{05633B30-350E-457A-A26C-8928CED293A1}.Debug|Any CPU.Build.0 = Debug|Any CPU
		{05633B30-350E-457A-A26C-8928CED293A1}.Release|Any CPU.ActiveCfg = Release|Any CPU
		{05633B30-350E-457A-A26C-8928CED293A1}.Release|Any CPU.Build.0 = Release|Any CPU
	EndGlobalSection
	GlobalSection(SolutionProperties) = preSolution
		HideSolutionNode = FALSE
	EndGlobalSection
	GlobalSection(ExtensibilityGlobals) = postSolution
		SolutionGuid = {D0CB2548-35E4-4884-B9E7-A1440461D758}
	EndGlobalSection
EndGlobal
